
Microsoft Visual Studio Solution File, Format Version 12.00
# Visual Studio Version 16
VisualStudioVersion = 16.0.32510.428
MinimumVisualStudioVersion = 10.0.40219.1
Project("{FAE04EC0-301F-11D3-BF4B-00C04F79EFBC}") = "TrabalhoInterface", "TrabalhoInterface\TrabalhoInterface.csproj", "{D8A3F98D-89D1-4C5B-B8B5-15FC8842C2B9}"
EndProject
Global
	GlobalSection(SolutionConfigurationPlatforms) = preSolution
		Debug|Any CPU = Debug|Any CPU
		Release|Any CPU = Release|Any CPU
	EndGlobalSection
	GlobalSection(ProjectConfigurationPlatforms) = postSolution
		{D8A3F98D-89D1-4C5B-B8B5-15FC8842C2B9}.Debug|Any CPU.ActiveCfg = Debug|Any CPU
		{D8A3F98D-89D1-4C5B-B8B5-15FC8842C2B9}.Debug|Any CPU.Build.0 = Debug|Any CPU
		{D8A3F98D-89D1-4C5B-B8B5-15FC8842C2B9}.Release|Any CPU.ActiveCfg = Release|Any CPU
		{D8A3F98D-89D1-4C5B-B8B5-15FC8842C2B9}.Release|Any CPU.Build.0 = Release|Any CPU
	EndGlobalSection
	GlobalSection(SolutionProperties) = preSolution
		HideSolutionNode = FALSE
	EndGlobalSection
	GlobalSection(ExtensibilityGlobals) = postSolution
		SolutionGuid = {08EF905E-619B-42AC-8D2E-C9892612A729}
	EndGlobalSection
EndGlobal
